
Microsoft Visual Studio Solution File, Format Version 12.00
# Visual Studio Version 16
VisualStudioVersion = 16.0.30907.101
MinimumVisualStudioVersion = 10.0.40219.1
Project("{9A19103F-16F7-4668-BE54-9A1E7A4F7556}") = "LIMSBlazor", "LIMSBlazor\LIMSBlazor.csproj", "{7DECAAB2-EDE4-496A-B2E0-F7BC1FEE88FE}"
EndProject
Project("{F14B399A-7131-4C87-9E4B-1186C45EF12D}") = "Тестовый отчёт", "Тестовый отчёт\Тестовый отчёт.rptproj", "{20B04425-9D12-426E-8215-40E87785D8F9}"
EndProject
Project("{9A19103F-16F7-4668-BE54-9A1E7A4F7556}") = "LIMSBlazorSever", "LIMSBlazorSever\LIMSBlazorSever.csproj", "{3712F8F4-79E7-4B8E-ABE3-CD5FD87EF7B6}"
EndProject
Global
	GlobalSection(SolutionConfigurationPlatforms) = preSolution
		Debug|Any CPU = Debug|Any CPU
		DebugLocal|Any CPU = DebugLocal|Any CPU
		Release|Any CPU = Release|Any CPU
	EndGlobalSection
	GlobalSection(ProjectConfigurationPlatforms) = postSolution
		{7DECAAB2-EDE4-496A-B2E0-F7BC1FEE88FE}.Debug|Any CPU.ActiveCfg = Debug|Any CPU
		{7DECAAB2-EDE4-496A-B2E0-F7BC1FEE88FE}.Debug|Any CPU.Build.0 = Debug|Any CPU
		{7DECAAB2-EDE4-496A-B2E0-F7BC1FEE88FE}.DebugLocal|Any CPU.ActiveCfg = Debug|Any CPU
		{7DECAAB2-EDE4-496A-B2E0-F7BC1FEE88FE}.DebugLocal|Any CPU.Build.0 = Debug|Any CPU
		{7DECAAB2-EDE4-496A-B2E0-F7BC1FEE88FE}.Release|Any CPU.ActiveCfg = Release|Any CPU
		{7DECAAB2-EDE4-496A-B2E0-F7BC1FEE88FE}.Release|Any CPU.Build.0 = Release|Any CPU
		{20B04425-9D12-426E-8215-40E87785D8F9}.Debug|Any CPU.ActiveCfg = Debug
		{20B04425-9D12-426E-8215-40E87785D8F9}.Debug|Any CPU.Build.0 = Debug
		{20B04425-9D12-426E-8215-40E87785D8F9}.Debug|Any CPU.Deploy.0 = Debug
		{20B04425-9D12-426E-8215-40E87785D8F9}.DebugLocal|Any CPU.ActiveCfg = DebugLocal
		{20B04425-9D12-426E-8215-40E87785D8F9}.DebugLocal|Any CPU.Build.0 = DebugLocal
		{20B04425-9D12-426E-8215-40E87785D8F9}.Release|Any CPU.ActiveCfg = Release
		{20B04425-9D12-426E-8215-40E87785D8F9}.Release|Any CPU.Build.0 = Release
		{20B04425-9D12-426E-8215-40E87785D8F9}.Release|Any CPU.Deploy.0 = Release
		{3712F8F4-79E7-4B8E-ABE3-CD5FD87EF7B6}.Debug|Any CPU.ActiveCfg = Debug|Any CPU
		{3712F8F4-79E7-4B8E-ABE3-CD5FD87EF7B6}.Debug|Any CPU.Build.0 = Debug|Any CPU
		{3712F8F4-79E7-4B8E-ABE3-CD5FD87EF7B6}.DebugLocal|Any CPU.ActiveCfg = Debug|Any CPU
		{3712F8F4-79E7-4B8E-ABE3-CD5FD87EF7B6}.DebugLocal|Any CPU.Build.0 = Debug|Any CPU
		{3712F8F4-79E7-4B8E-ABE3-CD5FD87EF7B6}.Release|Any CPU.ActiveCfg = Release|Any CPU
		{3712F8F4-79E7-4B8E-ABE3-CD5FD87EF7B6}.Release|Any CPU.Build.0 = Release|Any CPU
	EndGlobalSection
	GlobalSection(SolutionProperties) = preSolution
		HideSolutionNode = FALSE
	EndGlobalSection
	GlobalSection(ExtensibilityGlobals) = postSolution
		SolutionGuid = {5D0A700A-5FF1-4F2D-BB0D-531355972B73}
	EndGlobalSection
EndGlobal
